Microsoft Visual Studio Solution File, Format Version 12.00
# Visual Studio Version 17
VisualStudioVersion = 17.5.2.0
MinimumVisualStudioVersion = 10.0.40219.1
Project("{FAE04EC0-301F-11D3-BF4B-00C04F79EFBC}") = "DogShelter", "DogShelter.csproj", "{C5EE911D-1CC3-B494-BB48-16FFA2B4731F}"
EndProject
Global
	GlobalSection(SolutionConfigurationPlatforms) = preSolution
		Debug|Any CPU = Debug|Any CPU
		Release|Any CPU = Release|Any CPU
	EndGlobalSection
	GlobalSection(ProjectConfigurationPlatforms) = postSolution
		{C5EE911D-1CC3-B494-BB48-16FFA2B4731F}.Debug|Any CPU.ActiveCfg = Debug|Any CPU
		{C5EE911D-1CC3-B494-BB48-16FFA2B4731F}.Debug|Any CPU.Build.0 = Debug|Any CPU
		{C5EE911D-1CC3-B494-BB48-16FFA2B4731F}.Release|Any CPU.ActiveCfg = Release|Any CPU
		{C5EE911D-1CC3-B494-BB48-16FFA2B4731F}.Release|Any CPU.Build.0 = Release|Any CPU
	EndGlobalSection
	GlobalSection(SolutionProperties) = preSolution
		HideSolutionNode = FALSE
	EndGlobalSection
	GlobalSection(ExtensibilityGlobals) = postSolution
		SolutionGuid = {95C41C31-4DA7-41F4-86D9-96BD0AC4758F}
	EndGlobalSection
EndGlobal
